{
  "lockfileVersion": 1,
  "configVersion": 1,
  "workspaces": {
    "": {
      "dependencies": {
        "@openai/codex": "^0.122.0",
      },
    },
  },
  "packages": {
    "@openai/codex": ["@openai/codex@0.122.0", "", { "optionalDependencies": { "@openai/codex-darwin-arm64": "npm:@openai/codex@0.122.0-darwin-arm64", "@openai/codex-darwin-x64": "npm:@openai/codex@0.122.0-darwin-x64", "@openai/codex-linux-arm64": "npm:@openai/codex@0.122.0-linux-arm64", "@openai/codex-linux-x64": "npm:@openai/codex@0.122.0-linux-x64", "@openai/codex-win32-arm64": "npm:@openai/codex@0.122.0-win32-arm64", "@openai/codex-win32-x64": "npm:@openai/codex@0.122.0-win32-x64" }, "bin": { "codex": "bin/codex.js" } }, "sha512-fMQoBo/D9S2/FNHgCMEGnEtG+LIm7ot2PbtpU26pyKDjKS47o9XByNv8gH3X0aDg6A4Algq21laUkFhonkgdsw=="],

    "@openai/codex-darwin-arm64": ["@openai/codex@0.122.0-darwin-arm64", "", { "os": "darwin", "cpu": "arm64" }, "sha512-J1rUDdVBgIwpFqwmkjgVWbbAk8oxuw/1JuIGUXJMz7wAsdvEgsVazwndIjQVN1nDtdD6zznlUtl69oPV1hhXcA=="],

    "@openai/codex-darwin-x64": ["@openai/codex@0.122.0-darwin-x64", "", { "os": "darwin", "cpu": "x64" }, "sha512-VUXZxD/c/v2Mdler7epYJc8EH80fGbAC55QBVaxqSjX6OaoGO1sHqp7Nept1p52jMRtyc3VTv2/hkV1wEy+96w=="],

    "@openai/codex-linux-arm64": ["@openai/codex@0.122.0-linux-arm64", "", { "os": "linux", "cpu": "arm64" }, "sha512-dtRm+R+BnwEZDFahIMl56tttzE3VtJLt2CuacKpn9ZDs8H9DW5lwGWdTEm94ANWWeyzigFObidQyitgdgwFHow=="],

    "@openai/codex-linux-x64": ["@openai/codex@0.122.0-linux-x64", "", { "os": "linux", "cpu": "x64" }, "sha512-GYQBkwER9RPn7spJOwB3f/pTyk3KWKsRI8W+2Dl5H3XSxJJ5aVZeNKBGChSw6lyJWAmuZXssBu037KQx15lsGA=="],

    "@openai/codex-win32-arm64": ["@openai/codex@0.122.0-win32-arm64", "", { "os": "win32", "cpu": "arm64" }, "sha512-7SjzC/Xzw7md2//2W03Eid2bgY5LHfKinD6VwgfwLJbYFGsd9LDIduZC/8GABWSDXOgqE2SoZDiD2KwlG63Tkw=="],

    "@openai/codex-win32-x64": ["@openai/codex@0.122.0-win32-x64", "", { "os": "win32", "cpu": "x64" }, "sha512-0OR/QjqOZ7zX12s6Dh7qy/6H4WZRgFAp529EUg5C7tXj5xXdopi8A9InQfehu4KEJE3Qol2Lj/QBrOcahFXoPg=="],
  }
}
